
Microsoft Visual Studio Solution File, Format Version 12.00
# Visual Studio 14
VisualStudioVersion = 14.0.25420.1
MinimumVisualStudioVersion = 10.0.40219.1
Project("{FAE04EC0-301F-11D3-BF4B-00C04F79EFBC}") = "JsonToDb", "JsonToDb\JsonToDb.csproj", "{F1FBF1AE-F3E1-4B25-8810-FBFEF1D67D65}"
EndProject
Project("{FAE04EC0-301F-11D3-BF4B-00C04F79EFBC}") = "DatabaseModels", "DatabaseModels\DatabaseModels.csproj", "{CF7F0FFC-0338-4A49-A454-B57805D4412F}"
EndProject
Global
	GlobalSection(SolutionConfigurationPlatforms) = preSolution
		Debug|Any CPU = Debug|Any CPU
		Release|Any CPU = Release|Any CPU
	EndGlobalSection
	GlobalSection(ProjectConfigurationPlatforms) = postSolution
		{F1FBF1AE-F3E1-4B25-8810-FBFEF1D67D65}.Debug|Any CPU.ActiveCfg = Debug|Any CPU
		{F1FBF1AE-F3E1-4B25-8810-FBFEF1D67D65}.Debug|Any CPU.Build.0 = Debug|Any CPU
		{F1FBF1AE-F3E1-4B25-8810-FBFEF1D67D65}.Release|Any CPU.ActiveCfg = Release|Any CPU
		{F1FBF1AE-F3E1-4B25-8810-FBFEF1D67D65}.Release|Any CPU.Build.0 = Release|Any CPU
		{CF7F0FFC-0338-4A49-A454-B57805D4412F}.Debug|Any CPU.ActiveCfg = Debug|Any CPU
		{CF7F0FFC-0338-4A49-A454-B57805D4412F}.Debug|Any CPU.Build.0 = Debug|Any CPU
		{CF7F0FFC-0338-4A49-A454-B57805D4412F}.Release|Any CPU.ActiveCfg = Release|Any CPU
		{CF7F0FFC-0338-4A49-A454-B57805D4412F}.Release|Any CPU.Build.0 = Release|Any CPU
	EndGlobalSection
	GlobalSection(SolutionProperties) = preSolution
		HideSolutionNode = FALSE
	EndGlobalSection
EndGlobal
